
Microsoft Visual Studio Solution File, Format Version 12.00
# Visual Studio Version 16
VisualStudioVersion = 16.0.30711.63
MinimumVisualStudioVersion = 10.0.40219.1
Project("{FAE04EC0-301F-11D3-BF4B-00C04F79EFBC}") = "AlgoAssg2", "AlgoAssg2\AlgoAssg2.csproj", "{AB89F6B2-FC09-4382-9F57-E1F9A81A3459}"
EndProject
Global
	GlobalSection(SolutionConfigurationPlatforms) = preSolution
		Debug|Any CPU = Debug|Any CPU
		Release|Any CPU = Release|Any CPU
	EndGlobalSection
	GlobalSection(ProjectConfigurationPlatforms) = postSolution
		{AB89F6B2-FC09-4382-9F57-E1F9A81A3459}.Debug|Any CPU.ActiveCfg = Debug|Any CPU
		{AB89F6B2-FC09-4382-9F57-E1F9A81A3459}.Debug|Any CPU.Build.0 = Debug|Any CPU
		{AB89F6B2-FC09-4382-9F57-E1F9A81A3459}.Release|Any CPU.ActiveCfg = Release|Any CPU
		{AB89F6B2-FC09-4382-9F57-E1F9A81A3459}.Release|Any CPU.Build.0 = Release|Any CPU
	EndGlobalSection
	GlobalSection(SolutionProperties) = preSolution
		HideSolutionNode = FALSE
	EndGlobalSection
	GlobalSection(ExtensibilityGlobals) = postSolution
		SolutionGuid = {042C9574-0859-4F3B-B03F-0575895C05CF}
	EndGlobalSection
EndGlobal
